// !$*UTF8*$!
{
	archiveVersion = 1;
	classes = {
	};
	objectVersion = 46;
	objects = {

/* Begin PBXBuildFile section */
		C79A82181C6FE48C00DBA01B /* AppDelegate.swift in Sources */ = {isa = PBXBuildFile; fileRef = C79A82171C6FE48C00DBA01B /* AppDelegate.swift */; };
		C79A821A1C6FE48C00DBA01B /* SearchFeedController.swift in Sources */ = {isa = PBXBuildFile; fileRef = C79A82191C6FE48C00DBA01B /* SearchFeedController.swift */; };
		C79A821F1C6FE48C00DBA01B /* Assets.xcassets in Resources */ = {isa = PBXBuildFile; fileRef = C79A821E1C6FE48C00DBA01B /* Assets.xcassets */; };
		C79A82221C6FE48C00DBA01B /* LaunchScreen.storyboard in Resources */ = {isa = PBXBuildFile; fileRef = C79A82201C6FE48C00DBA01B /* LaunchScreen.storyboard */; };
		C79A822A1C6FE4CD00DBA01B /* Cells.swift in Sources */ = {isa = PBXBuildFile; fileRef = C79A82291C6FE4CD00DBA01B /* Cells.swift */; };
/* End PBXBuildFile section */

/* Begin PBXFileReference section */
		C79A82141C6FE48C00DBA01B /* rssreader_starter.app */ = {isa = PBXFileReference; explicitFileType = wrapper.application; includeInIndex = 0; path = rssreader_starter.app; sourceTree = BUILT_PRODUCTS_DIR; };
		C79A82171C6FE48C00DBA01B /* AppDelegate.swift */ = {isa = PBXFileReference; lastKnownFileType = sourcecode.swift; path = AppDelegate.swift; sourceTree = "<group>"; };
		C79A82191C6FE48C00DBA01B /* SearchFeedController.swift */ = {isa = PBXFileReference; lastKnownFileType = sourcecode.swift; path = SearchFeedController.swift; sourceTree = "<group>"; };
		C79A821E1C6FE48C00DBA01B /* Assets.xcassets */ = {isa = PBXFileReference; lastKnownFileType = folder.assetcatalog; path = Assets.xcassets; sourceTree = "<group>"; };
		C79A82211C6FE48C00DBA01B /* Base */ = {isa = PBXFileReference; lastKnownFileType = file.storyboard; name = Base; path = Base.lproj/LaunchScreen.storyboard; sourceTree = "<group>"; };
		C79A82231C6FE48C00DBA01B /* Info.plist */ = {isa = PBXFileReference; lastKnownFileType = text.plist.xml; path = Info.plist; sourceTree = "<group>"; };
		C79A82291C6FE4CD00DBA01B /* Cells.swift */ = {isa = PBXFileReference; fileEncoding = 4; lastKnownFileType = sourcecode.swift; path = Cells.swift; sourceTree = "<group>"; };
/* End PBXFileReference section */

/* Begin PBXFrameworksBuildPhase section */
		C79A82111C6FE48C00DBA01B /* Frameworks */ = {
			isa = PBXFrameworksBuildPhase;
			buildActionMask = 2147483647;
			files = (
			);
			runOnlyForDeploymentPostprocessing = 0;
		};
/* End PBXFrameworksBuildPhase section */

/* Begin PBXGroup section */
		C79A820B1C6FE48C00DBA01B = {
			isa = PBXGroup;
			children = (
				C79A82161C6FE48C00DBA01B /* rssreader_starter */,
				C79A82151C6FE48C00DBA01B /* Products */,
			);
			sourceTree = "<group>";
		};
		C79A82151C6FE48C00DBA01B /* Products */ = {
			isa = PBXGroup;
			children = (
				C79A82141C6FE48C00DBA01B /* rssreader_starter.app */,
			);
			name = Products;
			sourceTree = "<group>";
		};
		C79A82161C6FE48C00DBA01B /* rssreader_starter */ = {
			isa = PBXGroup;
			children = (
				C79A82171C6FE48C00DBA01B /* AppDelegate.swift */,
				C79A82191C6FE48C00DBA01B /* SearchFeedController.swift */,
				C79A821E1C6FE48C00DBA01B /* Assets.xcassets */,
				C79A82201C6FE48C00DBA01B /* LaunchScreen.storyboard */,
				C79A82231C6FE48C00DBA01B /* Info.plist */,
				C79A82291C6FE4CD00DBA01B /* Cells.swift */,
			);
			path = rssreader_starter;
			sourceTree = "<group>";
		};
/* End PBXGroup section */

/* Begin PBXNativeTarget section */
		C79A82131C6FE48C00DBA01B /* rssreader_starter */ = {
			isa = PBXNativeTarget;
			buildConfigurationList = C79A82261C6FE48C00DBA01B /* Build configuration list for PBXNativeTarget "rssreader_starter" */;
			buildPhases = (
				C79A82101C6FE48C00DBA01B /* Sources */,
				C79A82111C6FE48C00DBA01B /* Frameworks */,
				C79A82121C6FE48C00DBA01B /* Resources */,
			);
			buildRules = (
			);
			dependencies = (
			);
			name = rssreader_starter;
			productName = rssreader_starter;
			productReference = C79A82141C6FE48C00DBA01B /* rssreader_starter.app */;
			productType = "com.apple.product-type.application";
		};
/* End PBXNativeTarget section */

/* Begin PBXProject section */
		C79A820C1C6FE48C00DBA01B /* Project object */ = {
			isa = PBXProject;
			attributes = {
				LastSwiftUpdateCheck = 0720;
				LastUpgradeCheck = 0720;
				ORGANIZATIONNAME = letsbuildthatapp;
				TargetAttributes = {
					C79A82131C6FE48C00DBA01B = {
						CreatedOnToolsVersion = 7.2;
					};
				};
			};
			buildConfigurationList = C79A820F1C6FE48C00DBA01B /* Build configuration list for PBXProject "rssreader_starter" */;
			compatibilityVersion = "Xcode 3.2";
			developmentRegion = English;
			hasScannedForEncodings = 0;
			knownRegions = (
				en,
				Base,
			);
			mainGroup = C79A820B1C6FE48C00DBA01B;
			productRefGroup = C79A82151C6FE48C00DBA01B /* Products */;
			projectDirPath = "";
			projectRoot = "";
			targets = (
				C79A82131C6FE48C00DBA01B /* rssreader_starter */,
			);
		};
/* End PBXProject section */

/* Begin PBXResourcesBuildPhase section */
		C79A82121C6FE48C00DBA01B /* Resources */ = {
			isa = PBXResourcesBuildPhase;
			buildActionMask = 2147483647;
			files = (
				C79A82221C6FE48C00DBA01B /* LaunchScreen.storyboard in Resources */,
				C79A821F1C6FE48C00DBA01B /* Assets.xcassets in Resources */,
			);
			runOnlyForDeploymentPostprocessing = 0;
		};
/* End PBXResourcesBuildPhase section */

/* Begin PBXSourcesBuildPhase section */
		C79A82101C6FE48C00DBA01B /* Sources */ = {
			isa = PBXSourcesBuildPhase;
			buildActionMask = 2147483647;
			files = (
				C79A821A1C6FE48C00DBA01B /* SearchFeedController.swift in Sources */,
				C79A822A1C6FE4CD00DBA01B /* Cells.swift in Sources */,
				C79A82181C6FE48C00DBA01B /* AppDelegate.swift in Sources */,
			);
			runOnlyForDeploymentPostprocessing = 0;
		};
/* End PBXSourcesBuildPhase section */

/* Begin PBXVariantGroup section */
		C79A82201C6FE48C00DBA01B /* LaunchScreen.storyboard */ = {
			isa = PBXVariantGroup;
			children = (
				C79A82211C6FE48C00DBA01B /* Base */,
			);
			name = LaunchScreen.storyboard;
			sourceTree = "<group>";
		};
/* End PBXVariantGroup section */

/* Begin XCBuildConfiguration section */
		C79A82241C6FE48C00DBA01B /* Debug */ = {
			isa = XCBuildConfiguration;
			buildSettings = {
				ALWAYS_SEARCH_USER_PATHS = NO;
				CLANG_CXX_LANGUAGE_STANDARD = "gnu++0x";
				CLANG_CXX_LIBRARY = "libc++";
				CLANG_ENABLE_MODULES = YES;
				CLANG_ENABLE_OBJC_ARC = YES;
				CLANG_WARN_BOOL_CONVERSION = YES;
				CLANG_WARN_CONSTANT_CONVERSION = YES;
				CLANG_WARN_DIRECT_OBJC_ISA_USAGE = YES_ERROR;
				CLANG_WARN_EMPTY_BODY = YES;
				CLANG_WARN_ENUM_CONVERSION = YES;
				CLANG_WARN_INT_CONVERSION = YES;
				CLANG_WARN_OBJC_ROOT_CLASS = YES_ERROR;
				CLANG_WARN_UNREACHABLE_CODE = YES;
				CLANG_WARN__DUPLICATE_METHOD_MATCH = YES;
				"CODE_SIGN_IDENTITY[sdk=iphoneos*]" = "iPhone Developer";
				COPY_PHASE_STRIP = NO;
				DEBUG_INFORMATION_FORMAT = dwarf;
				ENABLE_STRICT_OBJC_MSGSEND = YES;
				ENABLE_TESTABILITY = YES;
				GCC_C_LANGUAGE_STANDARD = gnu99;
				GCC_DYNAMIC_NO_PIC = NO;
				GCC_NO_COMMON_BLOCKS = YES;
				GCC_OPTIMIZATION_LEVEL = 0;
				GCC_PREPROCESSOR_DEFINITIONS = (
					"DEBUG=1",
					"$(inherited)",
				);
				GCC_WARN_64_TO_32_BIT_CONVERSION = YES;
				GCC_WARN_ABOUT_RETURN_TYPE = YES_ERROR;
				GCC_WARN_UNDECLARED_SELECTOR = YES;
				GCC_WARN_UNINITIALIZED_AUTOS = YES_AGGRESSIVE;
				GCC_WARN_UNUSED_FUNCTION = YES;
				GCC_WARN_UNUSED_VARIABLE = YES;
				IPHONEOS_DEPLOYMENT_TARGET = 9.2;
				MTL_ENABLE_DEBUG_INFO = YES;
				ONLY_ACTIVE_ARCH = YES;
				SDKROOT = iphoneos;
				SWIFT_OPTIMIZATION_LEVEL = "-Onone";
				TARGETED_DEVICE_FAMILY = "1,2";
			};
			name = Debug;
		};
		C79A82251C6FE48C00DBA01B /* Release */ = {
			isa = XCBuildConfiguration;
			buildSettings = {
				ALWAYS_SEARCH_USER_PATHS = NO;
				CLANG_CXX_LANGUAGE_STANDARD = "gnu++0x";
				CLANG_CXX_LIBRARY = "libc++";
				CLANG_ENABLE_MODULES = YES;
				CLANG_ENABLE_OBJC_ARC = YES;
				CLANG_WARN_BOOL_CONVERSION = YES;
				CLANG_WARN_CONSTANT_CONVERSION = YES;
				CLANG_WARN_DIRECT_OBJC_ISA_USAGE = YES_ERROR;
				CLANG_WARN_EMPTY_BODY = YES;
				CLANG_WARN_ENUM_CONVERSION = YES;
				CLANG_WARN_INT_CONVERSION = YES;
				CLANG_WARN_OBJC_ROOT_CLASS = YES_ERROR;
				CLANG_WARN_UNREACHABLE_CODE = YES;
				CLANG_WARN__DUPLICATE_METHOD_MATCH = YES;
				"CODE_SIGN_IDENTITY[sdk=iphoneos*]" = "iPhone Developer";
				COPY_PHASE_STRIP = NO;
				DEBUG_INFORMATION_FORMAT = "dwarf-with-dsym";
				ENABLE_NS_ASSERTIONS = NO;
				ENABLE_STRICT_OBJC_MSGSEND = YES;
				GCC_C_LANGUAGE_STANDARD = gnu99;
				GCC_NO_COMMON_BLOCKS = YES;
				GCC_WARN_64_TO_32_BIT_CONVERSION = YES;
				GCC_WARN_ABOUT_RETURN_TYPE = YES_ERROR;
				GCC_WARN_UNDECLARED_SELECTOR = YES;
				GCC_WARN_UNINITIALIZED_AUTOS = YES_AGGRESSIVE;
				GCC_WARN_UNUSED_FUNCTION = YES;
				GCC_WARN_UNUSED_VARIABLE = YES;
				IPHONEOS_DEPLOYMENT_TARGET = 9.2;
				MTL_ENABLE_DEBUG_INFO = NO;
				SDKROOT = iphoneos;
				TARGETED_DEVICE_FAMILY = "1,2";
				VALIDATE_PRODUCT = YES;
			};
			name = Release;
		};
		C79A82271C6FE48C00DBA01B /* Debug */ = {
			isa = XCBuildConfiguration;
			buildSettings = {
				ASSETCATALOG_COMPILER_APPICON_NAME = AppIcon;
				INFOPLIST_FILE = rssreader_starter/Info.plist;
				LD_RUNPATH_SEARCH_PATHS = "$(inherited) @executable_path/Frameworks";
				PRODUCT_BUNDLE_IDENTIFIER = "com.letsbuildthatapp.rssreader-starter";
				PRODUCT_NAME = "$(TARGET_NAME)";
			};
			name = Debug;
		};
		C79A82281C6FE48C00DBA01B /* Release */ = {
			isa = XCBuildConfiguration;
			buildSettings = {
				ASSETCATALOG_COMPILER_APPICON_NAME = AppIcon;
				INFOPLIST_FILE = rssreader_starter/Info.plist;
				LD_RUNPATH_SEARCH_PATHS = "$(inherited) @executable_path/Frameworks";
				PRODUCT_BUNDLE_IDENTIFIER = "com.letsbuildthatapp.rssreader-starter";
				PRODUCT_NAME = "$(TARGET_NAME)";
			};
			name = Release;
		};
/* End XCBuildConfiguration section */

/* Begin XCConfigurationList section */
		C79A820F1C6FE48C00DBA01B /* Build configuration list for PBXProject "rssreader_starter" */ = {
			isa = XCConfigurationList;
			buildConfigurations = (
				C79A82241C6FE48C00DBA01B /* Debug */,
				C79A82251C6FE48C00DBA01B /* Release */,
			);
			defaultConfigurationIsVisible = 0;
			defaultConfigurationName = Release;
		};
		C79A82261C6FE48C00DBA01B /* Build configuration list for PBXNativeTarget "rssreader_starter" */ = {
			isa = XCConfigurationList;
			buildConfigurations = (
				C79A82271C6FE48C00DBA01B /* Debug */,
				C79A82281C6FE48C00DBA01B /* Release */,
			);
			defaultConfigurationIsVisible = 0;
		};
/* End XCConfigurationList section */
	};
	rootObject = C79A820C1C6FE48C00DBA01B /* Project object */;
}
